# This file was autogenerated by Stack.
# You should not edit this file by hand.
# For more information, please see the documentation at:
#   https://docs.haskellstack.org/en/stable/lock_files

packages:
- completed:
    hackage: persistent-template-2.8.0@sha256:71a96862ca3e4d77c8fa0e5312fc46b6aa035e94700d642cb0ab8f849006c99b,2772
    pantry-tree:
      size: 561
      sha256: 6a975a909519ef890640ce1a510209c35e24621ad729e4a2fff692cd8a74d353
  original:
    hackage: persistent-template-2.8.0
- completed:
    hackage: persistent-2.10.0@sha256:c742d8dfa89ebcaded0c19d703e0a4b4a36f56d7958278a51b237f601ff1c77b,4728
    pantry-tree:
      size: 2094
      sha256: 68bb22e80b4a76590b45b13c16cfe01dd203bbbe106eeb5b2fbb5b22fc024766
  original:
    hackage: persistent-2.10.0
- completed:
    hackage: persistent-postgresql-2.10.0@sha256:87384a179e44b57af7b12b00ccfdfc4bc03010a438aad207b9f38def0147cda2,2829
    pantry-tree:
      size: 671
      sha256: 5a2b25b40cb440466792b9ae293de95b4fcfcd1410c1c7aed9ffc8001699f5dc
  original:
    hackage: persistent-postgresql-2.10.0
snapshots:
- completed:
    size: 524799
    url: https://raw.githubusercontent.com/commercialhaskell/stackage-snapshots/master/lts/14/17.yaml
    sha256: 1d72b33c0fc048e23f4f18fd76a6ad79dd1d8a3c054644098a71a09855e40c7c
  original: lts-14.17
